
Microsoft Visual Studio Solution File, Format Version 12.00
# Visual Studio Version 17
VisualStudioVersion = 17.9.34728.123
MinimumVisualStudioVersion = 10.0.40219.1
Project("{FAE04EC0-301F-11D3-BF4B-00C04F79EFBC}") = "LaggWoL", "LaggWoL.csproj", "{2D4A2EE9-BA88-4391-A0F4-D031EC911DED}"
EndProject
Global
	GlobalSection(SolutionConfigurationPlatforms) = preSolution
		Debug|Any CPU = Debug|Any CPU
		Release|Any CPU = Release|Any CPU
	EndGlobalSection
	GlobalSection(ProjectConfigurationPlatforms) = postSolution
		{2D4A2EE9-BA88-4391-A0F4-D031EC911DED}.Debug|Any CPU.ActiveCfg = Debug|Any CPU
		{2D4A2EE9-BA88-4391-A0F4-D031EC911DED}.Debug|Any CPU.Build.0 = Debug|Any CPU
		{2D4A2EE9-BA88-4391-A0F4-D031EC911DED}.Release|Any CPU.ActiveCfg = Release|Any CPU
		{2D4A2EE9-BA88-4391-A0F4-D031EC911DED}.Release|Any CPU.Build.0 = Release|Any CPU
	EndGlobalSection
	GlobalSection(SolutionProperties) = preSolution
		HideSolutionNode = FALSE
	EndGlobalSection
	GlobalSection(ExtensibilityGlobals) = postSolution
		SolutionGuid = {B56FEE46-0C2A-4399-8DC8-CAF0B5DF680A}
	EndGlobalSection
EndGlobal
